
Microsoft Visual Studio Solution File, Format Version 12.00
# Visual Studio Version 17
VisualStudioVersion = 17.9.34622.214
MinimumVisualStudioVersion = 10.0.40219.1
Project("{FAE04EC0-301F-11D3-BF4B-00C04F79EFBC}") = "ServerLogic", "src\ServerLogic\ServerLogic.csproj", "{18F0114E-D56B-4FDB-9760-B636B658DF16}"
EndProject
Project("{FAE04EC0-301F-11D3-BF4B-00C04F79EFBC}") = "ServerLogicTests", "src\ServerLogicTests\ServerLogicTests.csproj", "{2AAD33CC-B487-4BC3-9528-FAF2FFF7DC87}"
EndProject
Global
	GlobalSection(SolutionConfigurationPlatforms) = preSolution
		Debug|Any CPU = Debug|Any CPU
		Release|Any CPU = Release|Any CPU
	EndGlobalSection
	GlobalSection(ProjectConfigurationPlatforms) = postSolution
		{18F0114E-D56B-4FDB-9760-B636B658DF16}.Debug|Any CPU.ActiveCfg = Debug|Any CPU
		{18F0114E-D56B-4FDB-9760-B636B658DF16}.Debug|Any CPU.Build.0 = Debug|Any CPU
		{18F0114E-D56B-4FDB-9760-B636B658DF16}.Release|Any CPU.ActiveCfg = Release|Any CPU
		{18F0114E-D56B-4FDB-9760-B636B658DF16}.Release|Any CPU.Build.0 = Release|Any CPU
		{2AAD33CC-B487-4BC3-9528-FAF2FFF7DC87}.Debug|Any CPU.ActiveCfg = Debug|Any CPU
		{2AAD33CC-B487-4BC3-9528-FAF2FFF7DC87}.Debug|Any CPU.Build.0 = Debug|Any CPU
		{2AAD33CC-B487-4BC3-9528-FAF2FFF7DC87}.Release|Any CPU.ActiveCfg = Release|Any CPU
		{2AAD33CC-B487-4BC3-9528-FAF2FFF7DC87}.Release|Any CPU.Build.0 = Release|Any CPU
	EndGlobalSection
	GlobalSection(SolutionProperties) = preSolution
		HideSolutionNode = FALSE
	EndGlobalSection
	GlobalSection(ExtensibilityGlobals) = postSolution
		SolutionGuid = {B276A194-D1C1-4C25-89A8-93F190C19F43}
	EndGlobalSection
EndGlobal
